
Microsoft Visual Studio Solution File, Format Version 12.00
# Visual Studio Version 16
VisualStudioVersion = 16.0.31829.152
MinimumVisualStudioVersion = 10.0.40219.1
Project("{FAE04EC0-301F-11D3-BF4B-00C04F79EFBC}") = "Taoist.Archives", "Taoist.Archives\Taoist.Archives.csproj", "{B148AF8E-94E5-44B3-863A-5B79C51BAB90}"
EndProject
Project("{FAE04EC0-301F-11D3-BF4B-00C04F79EFBC}") = "Taoist.Archives.Xunit", "Taoist.Archives.Xunit\Taoist.Archives.Xunit.csproj", "{54A05A75-CFBB-4B35-9B28-4C1933AB190A}"
EndProject
Global
	GlobalSection(SolutionConfigurationPlatforms) = preSolution
		Debug|Any CPU = Debug|Any CPU
		Release|Any CPU = Release|Any CPU
	EndGlobalSection
	GlobalSection(ProjectConfigurationPlatforms) = postSolution
		{B148AF8E-94E5-44B3-863A-5B79C51BAB90}.Debug|Any CPU.ActiveCfg = Debug|Any CPU
		{B148AF8E-94E5-44B3-863A-5B79C51BAB90}.Debug|Any CPU.Build.0 = Debug|Any CPU
		{B148AF8E-94E5-44B3-863A-5B79C51BAB90}.Release|Any CPU.ActiveCfg = Release|Any CPU
		{B148AF8E-94E5-44B3-863A-5B79C51BAB90}.Release|Any CPU.Build.0 = Release|Any CPU
		{54A05A75-CFBB-4B35-9B28-4C1933AB190A}.Debug|Any CPU.ActiveCfg = Debug|Any CPU
		{54A05A75-CFBB-4B35-9B28-4C1933AB190A}.Debug|Any CPU.Build.0 = Debug|Any CPU
		{54A05A75-CFBB-4B35-9B28-4C1933AB190A}.Release|Any CPU.ActiveCfg = Release|Any CPU
		{54A05A75-CFBB-4B35-9B28-4C1933AB190A}.Release|Any CPU.Build.0 = Release|Any CPU
	EndGlobalSection
	GlobalSection(SolutionProperties) = preSolution
		HideSolutionNode = FALSE
	EndGlobalSection
	GlobalSection(ExtensibilityGlobals) = postSolution
		SolutionGuid = {24B41FE2-0D7F-429E-94B2-64287F24C788}
	EndGlobalSection
EndGlobal
